
Microsoft Visual Studio Solution File, Format Version 11.00
# Visual Studio 2010
Project("{FAE04EC0-301F-11D3-BF4B-00C04F79EFBC}") = "Web", "..\..\AlgoService\Web\Web.csproj", "{A3737287-AD35-44F8-BD91-C4B5A1306FF9}"
EndProject
Project("{F2A71F9B-5D33-465A-A702-920D77279786}") = "Services", "..\..\AlgoService\Services\Services.fsproj", "{CC2894B9-D502-47CA-A756-F05413F697EA}"
EndProject
Global
	GlobalSection(SolutionConfigurationPlatforms) = preSolution
		Debug|Any CPU = Debug|Any CPU
		Release|Any CPU = Release|Any CPU
	EndGlobalSection
	GlobalSection(ProjectConfigurationPlatforms) = postSolution
		{A3737287-AD35-44F8-BD91-C4B5A1306FF9}.Debug|Any CPU.ActiveCfg = Debug|Any CPU
		{A3737287-AD35-44F8-BD91-C4B5A1306FF9}.Debug|Any CPU.Build.0 = Debug|Any CPU
		{A3737287-AD35-44F8-BD91-C4B5A1306FF9}.Release|Any CPU.ActiveCfg = Release|Any CPU
		{A3737287-AD35-44F8-BD91-C4B5A1306FF9}.Release|Any CPU.Build.0 = Release|Any CPU
		{CC2894B9-D502-47CA-A756-F05413F697EA}.Debug|Any CPU.ActiveCfg = Debug|Any CPU
		{CC2894B9-D502-47CA-A756-F05413F697EA}.Debug|Any CPU.Build.0 = Debug|Any CPU
		{CC2894B9-D502-47CA-A756-F05413F697EA}.Release|Any CPU.ActiveCfg = Release|Any CPU
		{CC2894B9-D502-47CA-A756-F05413F697EA}.Release|Any CPU.Build.0 = Release|Any CPU
	EndGlobalSection
	GlobalSection(SolutionProperties) = preSolution
		HideSolutionNode = FALSE
	EndGlobalSection
EndGlobal
